
Microsoft Visual Studio Solution File, Format Version 12.00
# Visual Studio Version 16
VisualStudioVersion = 16.0.31112.23
MinimumVisualStudioVersion = 10.0.40219.1
Project("{57791927-2CD2-4346-8A27-A2725836BD19}") = "cpu_lab2_real", "cpu_lab2_real\cpu_lab2_real.v3sproj", "{57791927-2CD2-4346-8A27-A2725836BD19}"
EndProject
Project("{2150E333-8FDC-42A3-9474-1A3956D46DE8}") = "Solution Items", "Solution Items", "{885C58EF-F44E-4DD0-A36A-2FF34AFC3DA2}"
EndProject
Global
	GlobalSection(SolutionConfigurationPlatforms) = preSolution
		Full Compilation|Default = Full Compilation|Default
		Syntax Check|Default = Syntax Check|Default
	EndGlobalSection
	GlobalSection(ProjectConfigurationPlatforms) = postSolution
		{57791927-2CD2-4346-8A27-A2725836BD19}.Full Compilation|Default.ActiveCfg = Full Compilation
		{57791927-2CD2-4346-8A27-A2725836BD19}.Full Compilation|Default.Build.0 = Full Compilation
		{57791927-2CD2-4346-8A27-A2725836BD19}.Syntax Check|Default.ActiveCfg = Syntax Check
		{57791927-2CD2-4346-8A27-A2725836BD19}.Syntax Check|Default.Build.0 = Syntax Check
	EndGlobalSection
	GlobalSection(SolutionProperties) = preSolution
		HideSolutionNode = FALSE
	EndGlobalSection
	GlobalSection(ExtensibilityGlobals) = postSolution
		SolutionGuid = {9D0F91B5-B38E-497D-A834-93B055C5604B}
	EndGlobalSection
EndGlobal
